<?xml version="1.0" encoding="utf-8"?>
<Project ToolsVersion="4.0" xmlns="http://schemas.microsoft.com/developer/msbuild/2003">
  <ItemGroup>
    <Filter Include="Source Files">
      <UniqueIdentifier>{4FC737F1-C7A5-4376-A066-2A32D752A2FF}</UniqueIdentifier>
    </Filter>
    <Filter Include="Source Files\core">
      <UniqueIdentifier>{8a1c2d10-1111-4a1a-9001-000000000001}</UniqueIdentifier>
    </Filter>
    <Filter Include="Source Files\data">
      <UniqueIdentifier>{8a1c2d10-1111-4a1a-9001-000000000002}</UniqueIdentifier>
    </Filter>
    <Filter Include="Source Files\engine">
      <UniqueIdentifier>{8a1c2d10-1111-4a1a-9001-000000000003}</UniqueIdentifier>
    </Filter>
    <Filter Include="Source Files\ui">
      <UniqueIdentifier>{8a1c2d10-1111-4a1a-9001-000000000004}</UniqueIdentifier>
    </Filter>
    <Filter Include="Source Files\platform">
      <UniqueIdentifier>{8a1c2d10-1111-4a1a-9001-000000000006}</UniqueIdentifier>
    </Filter>
    <Filter Include="ImGui">
      <UniqueIdentifier>{8a1c2d10-1111-4a1a-9001-000000000007}</UniqueIdentifier>
    </Filter>
    <Filter Include="Header Files">
      <UniqueIdentifier>{93995380-89BD-4b04-88EB-625FBE52EBFB}</UniqueIdentifier>
    </Filter>
    <Filter Include="Data Files">
      <UniqueIdentifier>{8a1c2d10-1111-4a1a-9001-000000000005}</UniqueIdentifier>
    </Filter>
  </ItemGroup>
  <ItemGroup>
    <ClCompile Include="src\ui\App.cpp">
      <Filter>Source Files\ui</Filter>
    </ClCompile>
    <ClCompile Include="src\platform\main_win32.cpp">
      <Filter>Source Files\platform</Filter>
    </ClCompile>
    <ClCompile Include="..\third_party\imgui\imgui.cpp">
      <Filter>ImGui</Filter>
    </ClCompile>
    <ClCompile Include="..\third_party\imgui\imgui_draw.cpp">
      <Filter>ImGui</Filter>
    </ClCompile>
    <ClCompile Include="..\third_party\imgui\imgui_tables.cpp">
      <Filter>ImGui</Filter>
    </ClCompile>
    <ClCompile Include="..\third_party\imgui\imgui_widgets.cpp">
      <Filter>ImGui</Filter>
    </ClCompile>
    <ClCompile Include="..\third_party\imgui\backends\imgui_impl_win32.cpp">
      <Filter>ImGui</Filter>
    </ClCompile>
    <ClCompile Include="..\third_party\imgui\backends\imgui_impl_dx11.cpp">
      <Filter>ImGui</Filter>
    </ClCompile>
    <ClCompile Include="src\core\Team.cpp">
      <Filter>Source Files\core</Filter>
    </ClCompile>
    <ClCompile Include="src\data\Database.cpp">
      <Filter>Source Files\data</Filter>
    </ClCompile>
    <ClCompile Include="src\engine\Config.cpp">
      <Filter>Source Files\engine</Filter>
    </ClCompile>
    <ClCompile Include="src\engine\MatchEngine.cpp">
      <Filter>Source Files\engine</Filter>
    </ClCompile>
    <ClCompile Include="src\ui\UIHelpers.cpp" />
    <ClCompile Include="src\ui\Tactics.cpp" />
    <ClCompile Include="src\ui\TeamOverview.cpp" />
  </ItemGroup>
  <ItemGroup>
    <ClInclude Include="src\core\Attributes.h">
      <Filter>Header Files</Filter>
    </ClInclude>
    <ClInclude Include="src\core\Pitch.h">
      <Filter>Header Files</Filter>
    </ClInclude>
    <ClInclude Include="src\core\Player.h">
      <Filter>Header Files</Filter>
    </ClInclude>
    <ClInclude Include="src\core\Team.h">
      <Filter>Header Files</Filter>
    </ClInclude>
    <ClInclude Include="src\core\Formation.h">
      <Filter>Header Files</Filter>
    </ClInclude>
    <ClInclude Include="src\data\Csv.h">
      <Filter>Header Files</Filter>
    </ClInclude>
    <ClInclude Include="src\data\Database.h">
      <Filter>Header Files</Filter>
    </ClInclude>
    <ClInclude Include="src\engine\Rng.h">
      <Filter>Header Files</Filter>
    </ClInclude>
    <ClInclude Include="src\engine\Config.h">
      <Filter>Header Files</Filter>
    </ClInclude>
    <ClInclude Include="src\engine\MatchEngine.h">
      <Filter>Header Files</Filter>
    </ClInclude>
    <ClInclude Include="src\ui\Console.h">
      <Filter>Header Files</Filter>
    </ClInclude>
    <ClInclude Include="src\ui\Game.h">
      <Filter>Header Files</Filter>
    </ClInclude>
    <ClInclude Include="src\core\TacticalSettings.h" />
    <ClInclude Include="src\ui\UIHelpers.h" />
    <ClInclude Include="src\ui\Tactics.h" />
    <ClInclude Include="src\ui\TeamOverview.h" />
  </ItemGroup>
  <ItemGroup>
    <None Include="data\DATABASE_SETUP.md" />
    <None Include="data\BEST_POSITION_SETUP.md" />
    <None Include="data\PLAYER_DATA_SOURCE_VERIFICATION.md" />
    <None Include="data\HALFTIME_SWITCH_IMPLEMENTATION.md" />
    <None Include="data\images\teams\README.md" />
    <None Include="data\TEAM_SCREENSHOTS.md" />
    <None Include="data\TEAM_COLORS.md" />
    <None Include="data\TEAM_COLORS_EXAMPLES.md" />
    <None Include="data\SCREENSHOTS_QUICKSTART.md" />
  </ItemGroup>
  <ItemGroup>
    <CopyFileToFolders Include="data\PlayersDB.csv">
      <Filter>Data Files</Filter>
    </CopyFileToFolders>
    <CopyFileToFolders Include="data\TeamsDB.csv">
      <Filter>Data Files</Filter>
    </CopyFileToFolders>
  </ItemGroup>
</Project>